
Microsoft Visual Studio Solution File, Format Version 12.00
# Visual Studio Version 17
VisualStudioVersion = 17.8.34322.80
MinimumVisualStudioVersion = 10.0.40219.1
Project("{FAE04EC0-301F-11D3-BF4B-00C04F79EFBC}") = "TConsultigSA", "TConsultigSA\TConsultigSA.csproj", "{AEB189C0-7332-432D-BD07-87D69BF9FB18}"
EndProject
Global
	GlobalSection(SolutionConfigurationPlatforms) = preSolution
		Debug|Any CPU = Debug|Any CPU
		Release|Any CPU = Release|Any CPU
	EndGlobalSection
	GlobalSection(ProjectConfigurationPlatforms) = postSolution
		{AEB189C0-7332-432D-BD07-87D69BF9FB18}.Debug|Any CPU.ActiveCfg = Debug|Any CPU
		{AEB189C0-7332-432D-BD07-87D69BF9FB18}.Debug|Any CPU.Build.0 = Debug|Any CPU
		{AEB189C0-7332-432D-BD07-87D69BF9FB18}.Release|Any CPU.ActiveCfg = Release|Any CPU
		{AEB189C0-7332-432D-BD07-87D69BF9FB18}.Release|Any CPU.Build.0 = Release|Any CPU
	EndGlobalSection
	GlobalSection(SolutionProperties) = preSolution
		HideSolutionNode = FALSE
	EndGlobalSection
	GlobalSection(ExtensibilityGlobals) = postSolution
		SolutionGuid = {6B56C04E-726A-4735-AE4C-13C215C66A87}
	EndGlobalSection
EndGlobal
